
Microsoft Visual Studio Solution File, Format Version 12.00
# Visual Studio Version 16
VisualStudioVersion = 16.0.32106.194
MinimumVisualStudioVersion = 10.0.40219.1
Project("{FAE04EC0-301F-11D3-BF4B-00C04F79EFBC}") = "testechetokuka", "testechetokuka\testechetokuka.csproj", "{789E0BC0-05FD-4A30-B66F-7F8C5AFE5CF0}"
EndProject
Global
	GlobalSection(SolutionConfigurationPlatforms) = preSolution
		Debug|Any CPU = Debug|Any CPU
		Release|Any CPU = Release|Any CPU
	EndGlobalSection
	GlobalSection(ProjectConfigurationPlatforms) = postSolution
		{789E0BC0-05FD-4A30-B66F-7F8C5AFE5CF0}.Debug|Any CPU.ActiveCfg = Debug|Any CPU
		{789E0BC0-05FD-4A30-B66F-7F8C5AFE5CF0}.Debug|Any CPU.Build.0 = Debug|Any CPU
		{789E0BC0-05FD-4A30-B66F-7F8C5AFE5CF0}.Release|Any CPU.ActiveCfg = Release|Any CPU
		{789E0BC0-05FD-4A30-B66F-7F8C5AFE5CF0}.Release|Any CPU.Build.0 = Release|Any CPU
	EndGlobalSection
	GlobalSection(SolutionProperties) = preSolution
		HideSolutionNode = FALSE
	EndGlobalSection
	GlobalSection(ExtensibilityGlobals) = postSolution
		SolutionGuid = {024F9236-C21E-476E-88E0-1A7ACB9F7DE4}
	EndGlobalSection
EndGlobal
